
Microsoft Visual Studio Solution File, Format Version 12.00
# Visual Studio Version 17
VisualStudioVersion = 17.5.001.0
MinimumVisualStudioVersion = 10.0.40219.1
Project("{9A19103F-16F7-4668-BE54-9A1E7A4F7556}") = "tl1-tp8-2024-marianogk", "tl1-tp8-2024-marianogk.csproj", "{3C10B3B3-9704-487C-B34F-14E9A45E6761}"
EndProject
Global
	GlobalSection(SolutionConfigurationPlatforms) = preSolution
		Debug|Any CPU = Debug|Any CPU
		Release|Any CPU = Release|Any CPU
	EndGlobalSection
	GlobalSection(ProjectConfigurationPlatforms) = postSolution
		{3C10B3B3-9704-487C-B34F-14E9A45E6761}.Debug|Any CPU.ActiveCfg = Debug|Any CPU
		{3C10B3B3-9704-487C-B34F-14E9A45E6761}.Debug|Any CPU.Build.0 = Debug|Any CPU
		{3C10B3B3-9704-487C-B34F-14E9A45E6761}.Release|Any CPU.ActiveCfg = Release|Any CPU
		{3C10B3B3-9704-487C-B34F-14E9A45E6761}.Release|Any CPU.Build.0 = Release|Any CPU
	EndGlobalSection
	GlobalSection(SolutionProperties) = preSolution
		HideSolutionNode = FALSE
	EndGlobalSection
	GlobalSection(ExtensibilityGlobals) = postSolution
		SolutionGuid = {A874FD9A-E9C3-4542-A421-E10FD3D20F4E}
	EndGlobalSection
EndGlobal
